
Microsoft Visual Studio Solution File, Format Version 12.00
# Visual Studio Version 17
VisualStudioVersion = 17.7.34221.43
MinimumVisualStudioVersion = 10.0.40219.1
Project("{FAE04EC0-301F-11D3-BF4B-00C04F79EFBC}") = "CarParking", "CarParking\CarParking.csproj", "{7728882A-8F86-4C87-8A17-377AEE6296C5}"
EndProject
Global
	GlobalSection(SolutionConfigurationPlatforms) = preSolution
		Debug|Any CPU = Debug|Any CPU
		Release|Any CPU = Release|Any CPU
	EndGlobalSection
	GlobalSection(ProjectConfigurationPlatforms) = postSolution
		{7728882A-8F86-4C87-8A17-377AEE6296C5}.Debug|Any CPU.ActiveCfg = Debug|Any CPU
		{7728882A-8F86-4C87-8A17-377AEE6296C5}.Debug|Any CPU.Build.0 = Debug|Any CPU
		{7728882A-8F86-4C87-8A17-377AEE6296C5}.Release|Any CPU.ActiveCfg = Release|Any CPU
		{7728882A-8F86-4C87-8A17-377AEE6296C5}.Release|Any CPU.Build.0 = Release|Any CPU
	EndGlobalSection
	GlobalSection(SolutionProperties) = preSolution
		HideSolutionNode = FALSE
	EndGlobalSection
	GlobalSection(ExtensibilityGlobals) = postSolution
		SolutionGuid = {3568F142-96E9-40C8-8613-5A96B0799637}
	EndGlobalSection
EndGlobal
