
Microsoft Visual Studio Solution File, Format Version 12.00
# Visual Studio Version 17
VisualStudioVersion = 17.8.34330.188
MinimumVisualStudioVersion = 10.0.40219.1
Project("{FAE04EC0-301F-11D3-BF4B-00C04F79EFBC}") = "Pt.Odev.Atama", "Pt.Odev.Atama.csproj", "{74B20DC8-BAE3-47C1-A64D-43F157FAB416}"
EndProject
Global
	GlobalSection(SolutionConfigurationPlatforms) = preSolution
		Debug|Any CPU = Debug|Any CPU
		Release|Any CPU = Release|Any CPU
	EndGlobalSection
	GlobalSection(ProjectConfigurationPlatforms) = postSolution
		{74B20DC8-BAE3-47C1-A64D-43F157FAB416}.Debug|Any CPU.ActiveCfg = Debug|Any CPU
		{74B20DC8-BAE3-47C1-A64D-43F157FAB416}.Debug|Any CPU.Build.0 = Debug|Any CPU
		{74B20DC8-BAE3-47C1-A64D-43F157FAB416}.Release|Any CPU.ActiveCfg = Release|Any CPU
		{74B20DC8-BAE3-47C1-A64D-43F157FAB416}.Release|Any CPU.Build.0 = Release|Any CPU
	EndGlobalSection
	GlobalSection(SolutionProperties) = preSolution
		HideSolutionNode = FALSE
	EndGlobalSection
	GlobalSection(ExtensibilityGlobals) = postSolution
		SolutionGuid = {3A3A832B-1F02-43E5-B957-C0DD65997556}
	EndGlobalSection
EndGlobal
