
Microsoft Visual Studio Solution File, Format Version 12.00
# Visual Studio Version 17
VisualStudioVersion = 17.8.34330.188
MinimumVisualStudioVersion = 10.0.40219.1
Project("{FAE04EC0-301F-11D3-BF4B-00C04F79EFBC}") = "PT.Odev.GradeAvarage", "PT.Odev.GradeAvarage.csproj", "{04012BAB-06F8-48E4-B284-0DCA54429651}"
EndProject
Global
	GlobalSection(SolutionConfigurationPlatforms) = preSolution
		Debug|Any CPU = Debug|Any CPU
		Release|Any CPU = Release|Any CPU
	EndGlobalSection
	GlobalSection(ProjectConfigurationPlatforms) = postSolution
		{04012BAB-06F8-48E4-B284-0DCA54429651}.Debug|Any CPU.ActiveCfg = Debug|Any CPU
		{04012BAB-06F8-48E4-B284-0DCA54429651}.Debug|Any CPU.Build.0 = Debug|Any CPU
		{04012BAB-06F8-48E4-B284-0DCA54429651}.Release|Any CPU.ActiveCfg = Release|Any CPU
		{04012BAB-06F8-48E4-B284-0DCA54429651}.Release|Any CPU.Build.0 = Release|Any CPU
	EndGlobalSection
	GlobalSection(SolutionProperties) = preSolution
		HideSolutionNode = FALSE
	EndGlobalSection
	GlobalSection(ExtensibilityGlobals) = postSolution
		SolutionGuid = {97EE637E-C3ED-4CAE-9FF6-E4B5E7AF4CB8}
	EndGlobalSection
EndGlobal
