
Microsoft Visual Studio Solution File, Format Version 12.00
# Visual Studio Version 17
VisualStudioVersion = 17.5.002.0
MinimumVisualStudioVersion = 10.0.40219.1
Project("{9A19103F-16F7-4668-BE54-9A1E7A4F7556}") = "PT.Odev.Converting-the-Entered-Number-to-String", "PT.Odev.Converting-the-Entered-Number-to-String.csproj", "{00948E6F-72EC-4978-8BD4-1F93F5994365}"
EndProject
Global
	GlobalSection(SolutionConfigurationPlatforms) = preSolution
		Debug|Any CPU = Debug|Any CPU
		Release|Any CPU = Release|Any CPU
	EndGlobalSection
	GlobalSection(ProjectConfigurationPlatforms) = postSolution
		{00948E6F-72EC-4978-8BD4-1F93F5994365}.Debug|Any CPU.ActiveCfg = Debug|Any CPU
		{00948E6F-72EC-4978-8BD4-1F93F5994365}.Debug|Any CPU.Build.0 = Debug|Any CPU
		{00948E6F-72EC-4978-8BD4-1F93F5994365}.Release|Any CPU.ActiveCfg = Release|Any CPU
		{00948E6F-72EC-4978-8BD4-1F93F5994365}.Release|Any CPU.Build.0 = Release|Any CPU
	EndGlobalSection
	GlobalSection(SolutionProperties) = preSolution
		HideSolutionNode = FALSE
	EndGlobalSection
	GlobalSection(ExtensibilityGlobals) = postSolution
		SolutionGuid = {04C5F126-1C6C-4F8F-9CC1-44D89C886444}
	EndGlobalSection
EndGlobal
